{
  "name": "nebulaforge-ai",
  "version": "1.3.1",
  "lockfileVersion": 3,
  "requires": true,
  "packages": {
    "": {
      "name": "nebulaforge-ai",
      "version": "1.3.1",
      "dependencies": {
        "@google/genai": "^1.28.0",
        "framer-motion": "^11.3.11",
        "react": "^18.2.0",
        "react-dom": "^18.2.0",
        "recharts": "^2.12.7",
        "three": "^0.165.0"
      },
      "devDependencies": {
        "@types/react": "^18.3.3",
        "@types/react-dom": "^18.3.0",
        "@types/three": "^0.165.0",
        "@vitejs/plugin-react": "^4.3.1",
        "cors": "^2.8.5",
        "dotenv": "^16.4.5",
        "express": "^4.19.2",
        "node-fetch": "^2.7.0",
        "typescript": "^5.4.5",
        "vite": "^5.3.1"
      }
    },
    "node_modules/@babel/runtime": {
      "version": "7.24.7",
      "resolved": "https://registry.npmjs.org/@babel/runtime/-/runtime-7.24.7.tgz",
      "integrity": "sha512-U6VbBl1LIMGA0icvoXp33u3lC2kXnBs4J23e9S9L7Qn6GIbL2s2zA5QL4k/O898K8jgS8xRz36gDP3fvei/LwA==",
      "dependencies": {
        "regenerator-runtime": "^0.14.0"
      },
      "engines": {
        "node": ">=6.9.0"
      }
    },
    "node_modules/@google/genai": {
      "version": "1.29.0",
      "resolved": "https://registry.npmjs.org/@google/genai/-/genai-1.29.0.tgz",
      "integrity": "sha512-Y1/B4IppM0tS+X1KqS/+bQ+22lX1jL+VpW2u2t5sT5/gXw6b2/H05n0b0r+F5eD9vU/p5/Q5sVcmC/u0g==",
      "dependencies": {
        "event-source-parser": "1.1.2"
      }
    },
    "node_modules/@types/node": {
      "version": "20.14.9",
      "resolved": "https://registry.npmjs.org/@types/node/-/node-20.14.9.tgz",
      "integrity": "sha512-067OUNa3T2dzjBbn433y4sD418aII2+lI3QoJm59Jk3PjMMm5Y2s4g3C6v6w48m8pmlm0JvfcpN5p2Msx7Q6w==",
      "dev": true,
      "dependencies": {
        "undici-types": "~5.26.4"
      }
    },
    "node_modules/@types/prop-types": {
      "version": "15.7.12",
      "resolved": "https://registry.npmjs.org/@types/prop-types/-/prop-types-15.7.12.tgz",
      "integrity": "sha512-5zvhXYS3icfNlvmqgAB9lCUNmU2h/FE6Vz6YyEhAE9bso6z/ocOqAIh630A3wOC6o/Lz8M9vImvffif2YxWe1w==",
      "dev": true
    },
    "node_modules/@types/react": {
      "version": "18.3.3",
      "resolved": "https://registry.npmjs.org/@types/react/-/react-18.3.3.tgz",
      "integrity": "sha512-i+29gA38wQ2csOGeC0daobftFgtgCc222j16P1b6hL+3i7vI0sS0B2sgtE3ecGr4C/t5Du5y9L/8WwJ25bT0Kg==",
      "dev": true,
      "dependencies": {
        "@types/prop-types": "*",
        "csstype": "^3.0.2"
      }
    },
    "node_modules/@types/react-dom": {
      "version": "18.3.0",
      "resolved": "https://registry.npmjs.org/@types/react-dom/-/react-dom-18.3.0.tgz",
      "integrity": "sha512-eEpHkZ9wVJLul0ws9QtV5o6lvLPS04z4f8QVEXx8i2h6sypg9YSRl2fmPSt2A7d1d2I3Mke1kBr3i/22a2iE+A==",
      "dev": true,
      "dependencies": {
        "@types/react": "*"
      }
    },
    "node_modules/@types/three": {
      "version": "0.165.0",
      "resolved": "https://registry.npmjs.org/@types/three/-/three-0.165.0.tgz",
      "integrity": "sha512-SjQG2iAF4vU1Hk0S6k+2hD0L7X47C8vQd+Nmc8v3n4AmT7U1P5eL1q6LmMHn/HY13xO984F7/1/i6lW3m3bDAw==",
      "dev": true
    },
    "node_modules/@vitejs/plugin-react": {
      "version": "4.3.1",
      "resolved": "https://registry.npmjs.org/@vitejs/plugin-react/-/plugin-react-4.3.1.tgz",
      "integrity": "sha512-30fEpsgaaUNeYS43w6Vb15/2XTr8gm2HlS2X6n4F2hK4YxVnJ+uRbH5tGNlTEgP9f3iX6621T59v2t5dC/TzVw==",
      "dev": true,
      "peer": true,
      "dependencies": {
        "@babel/runtime": "^7.23.0"
      },
      "engines": {
        "node": "^18.0.0 || >=20.0.0"
      },
      "peerDependencies": {
        "react": "^18.2.0",
        "vite": "^4.2.0 || ^5.0.0"
      }
    },
    "node_modules/accepts": {
      "version": "1.3.8",
      "resolved": "https://registry.npmjs.org/accepts/-/accepts-1.3.8.tgz",
      "integrity": "sha512-PYAthTa2m2VKxuvSD3DPC/Gy+U+sOA1LAuT8mkmRuvw+NACSaeXEQ+NHcVF7rONl6soaxNKmtguwevnxx1adeQ==",
      "dev": true,
      "dependencies": {
        "mime-types": "~2.1.34",
        "negotiator": "0.6.3"
      },
      "engines": {
        "node": ">= 0.6"
      }
    },
    "node_modules/array-flatten": {
      "version": "1.1.1",
      "resolved": "https://registry.npmjs.org/array-flatten/-/array-flatten-1.1.1.tgz",
      "integrity": "sha512-PCVAQswWkKXols/SMevqgS+N0ILC9g2s/kRJPNVvyg20h23e4c4hP/Wcv/3j45Trd2j6+v5wO41v+eH3s3n2Gg==",
      "dev": true
    },
    "node_modules/body-parser": {
      "version": "1.20.2",
      "resolved": "https://registry.npmjs.org/body-parser/-/body-parser-1.20.2.tgz",
      "integrity": "sha512-ml9pReCu3M61kGlqoCo2MmwZOKDZlQ8Kcg3oHwqEBtqdWC00wSAokOBcoPA8v6I8bpuwGgDXj/63g7h32D3d3Q==",
      "dev": true,
      "dependencies": {
        "bytes": "3.1.2",
        "content-type": "~1.0.5",
        "debug": "2.6.9",
        "depd": "2.0.0",
        "destroy": "1.2.0",
        "http-errors": "2.0.0",
        "iconv-lite": "0.4.24",
        "on-finished": "2.4.1",
        "qs": "6.11.0",
        "raw-body": "2.5.2",
        "type-is": "~1.6.18",
        "unpipe": "1.0.0"
      },
      "engines": {
        "node": ">= 0.8",
        "npm": "1.2.8000 || >= 1.4.16"
      }
    },
    "node_modules/bytes": {
      "version": "3.1.2",
      "resolved": "https://registry.npmjs.org/bytes/-/bytes-3.1.2.tgz",
      "integrity": "sha512-ZfL2K54i07wL12iGC7v452gu7/cJThs2yYx49I5s9a4kiddrP0dVCSv8wMLi3rvs4VvIL6w0W36k6yq9/Q+pZw==",
      "dev": true,
      "engines": {
        "node": ">= 0.8"
      }
    },
    "node_modules/call-bind": {
      "version": "1.0.7",
      "resolved": "https://registry.npmjs.org/call-bind/-/call-bind-1.0.7.tgz",
      "integrity": "sha512-G3nE08x85W5KPhDSpmkg724aD3ncdL2NEOPp/3k+FkExyksg4nviSU9hIXX071w2Q34/bQ4dY544n2tVf8A3dQ==",
      "dev": true,
      "dependencies": {
        "function-bind": "^1.1.2",
        "get-intrinsic": "^1.2.4",
        "set-function-length": "^1.2.2"
      },
      "funding": {
        "url": "https://github.com/sponsors/ljharb"
      }
    },
    "node_modules/clsx": {
      "version": "1.2.1",
      "resolved": "https://registry.npmjs.org/clsx/-/clsx-1.2.1.tgz",
      "integrity": "sha512-EcR6rIATt3iG2+2vaChA3hcmSSU56+L+AbY/wPDoaTXysA8+Mv1lKkH098/GgYvHi1oJ3rYHIYsojPZkIN0pvg=="
    },
    "node_modules/content-disposition": {
      "version": "0.5.4",
      "resolved": "https://registry.npmjs.org/content-disposition/-/content-disposition-0.5.4.tgz",
      "integrity": "sha512-FveZTNuGw04cTCuswVoaParams/mq/pdsgoUa75vMka1jtP8ango/urTdUovqiUXm+SmHAKw1AhC6iK+CUqpg63g==",
      "dev": true,
      "dependencies": {
        "safe-buffer": "5.2.1"
      },
      "engines": {
        "node": ">= 0.6"
      }
    },
    "node_modules/content-type": {
      "version": "1.0.5",
      "resolved": "https://registry.npmjs.org/content-type/-/content-type-1.0.5.tgz",
      "integrity": "sha512-nTjqfcBFEipKdXCv4YDQVEulS9pu6qHcsCFKc/h7rGkeHD5g25smXJ25PcWXh3Db19/W0j5SHN37DbM3t+IE8g==",
      "dev": true,
      "engines": {
        "node": ">= 0.6"
      }
    },
    "node_modules/cookie": {
      "version": "0.5.0",
      "resolved": "https://registry.npmjs.org/cookie/-/cookie-0.5.0.tgz",
      "integrity": "sha512-42gjvXNMayZdCgInisot2sfA68yQ2i8N2s2vogmcE/I2JSCpeK5GkUaP225pL0w5v6233c11dc4sOhpTItjLw==",
      "dev": true,
      "engines": {
        "node": ">= 0.6"
      }
    },
    "node_modules/cookie-signature": {
      "version": "1.0.6",
      "resolved": "https://registry.npmjs.org/cookie-signature/-/cookie-signature-1.0.6.tgz",
      "integrity": "sha512-Qh1Qz/123iif/3D/y3iG4h0wSgV25s5/6S2n9/yBfw1g/jR4a/Lh2A0T1vA0B6M2lYEs282s2ACId1fDA==",
      "dev": true
    },
    "node_modules/cors": {
      "version": "2.8.5",
      "resolved": "https://registry.npmjs.org/cors/-/cors-2.8.5.tgz",
      "integrity": "sha512-IIltc4i3rhq1iGmLr1es/9r2b9mZUrbEFaXQjY1j2a6im0iJaUT8gvDzgshaS4r6M6i4z/R4b9ZPJr7c4yOlPQ==",
      "dev": true,
      "dependencies": {
        "object-assign": "^4",
        "vary": "^1"
      },
      "engines": {
        "node": ">= 0.10"
      }
    },
    "node_modules/csstype": {
      "version": "3.1.3",
      "resolved": "https://registry.npmjs.org/csstype/-/csstype-3.1.3.tgz",
      "integrity": "sha512-M1uQkMl8rQK/szD0LNhtqxIPLzU33HacI7xYptcfKVl+f9z1iTrY2JH2fIe52oP1+PLR3eSBeLkg2gwbP15g/g==",
      "dev": true
    },
    "node_modules/d3-shape": {
      "version": "3.2.0",
      "resolved": "https://registry.npmjs.org/d3-shape/-/d3-shape-3.2.0.tgz",
      "integrity": "sha512-h/fPSk2PMICxat8O/0pSSb21VLCHJ4Y5YLvCq+PCl/WMm2pXo3/iWJ01js6f6LIyPwybVn7kHImKUNMC8G24nA==",
      "dependencies": {
        "d3-path": "^3.1.0"
      }
    },
    "node_modules/debug": {
      "version": "2.6.9",
      "resolved": "https://registry.npmjs.org/debug/-/debug-2.6.9.tgz",
      "integrity": "sha512-bC7ElrdJaJnPbAP+1E4j/+IFg2SEUEA214qJO5CftCF7w0i4awquZ3K7wLo7q6qYw2sfCRk6HXX/aibE6Pb7PA==",
      "dev": true,
      "dependencies": {
        "ms": "2.0.0"
      }
    },
    "node_modules/define-data-property": {
      "version": "1.1.4",
      "resolved": "https://registry.npmjs.org/define-data-property/-/define-data-property-1.1.4.tgz",
      "integrity": "sha512-E7fG6I253yN0jw0LGfPZit+v4wRse/0RtelhbI9K0l8gpj52OVYeOe21/YfhaPmd9iQJj3SWhpQHVE3XgDPACA==",
      "dev": true,
      "dependencies": {
        "get-intrinsic": "^1.2.4",
        "gopd": "^1.0.1",
        "has-property-descriptors": "^1.0.2"
      },
      "engines": {
        "node": ">= 0.4"
      },
      "funding": {
        "url": "https://github.com/sponsors/ljharb"
      }
    },
    "node_modules/depd": {
      "version": "2.0.0",
      "resolved": "https://registry.npmjs.org/depd/-/depd-2.0.0.tgz",
      "integrity": "sha512-g7FaeBw6uOtivNcrFdJpeCGOQgySGIQs5PCRH4OAPyLIQCFSceF4NJ31NEXsIz8xxM7winvi7kTBAndW3ZwQgA==",
      "dev": true,
      "engines": {
        "node": ">= 0.8"
      }
    },
    "node_modules/destroy": {
      "version": "1.2.0",
      "resolved": "https://registry.npmjs.org/destroy/-/destroy-1.2.0.tgz",
      "integrity": "sha512-2sJGJ8r0bL3QCSPaj0t4y4cK8TgzQ2S1uP1TfD1sM52p72t2aTjBv8vX5I63hmdg2P4s/VU+3lkK6o14kQ==",
      "dev": true,
      "engines": {
        "node": ">= 0.8",
        "npm": "1.2.8000 || >= 1.4.16"
      }
    },
    "node_modules/dotenv": {
      "version": "16.4.5",
      "resolved": "https://registry.npmjs.org/dotenv/-/dotenv-16.4.5.tgz",
      "integrity": "sha512-Zbr5eS+zOMxQbrgD6J4mkJ2hI8gWkrU8m57b28iktr6i8U23io03kyAlSDvO6i4h4OQW2dZpff2J42C/x3Qaww==",
      "dev": true,
      "engines": {
        "node": ">=12"
      },
      "funding": {
        "url": "https://github.com/motdotla/dotenv?sponsor=1"
      }
    },
    "node_modules/d3-path": {
      "version": "3.1.0",
      "resolved": "https://registry.npmjs.org/d3-path/-/d3-path-3.1.0.tgz",
      "integrity": "sha512-tFjD+yTr3WgmhA2V4NoaE/Y8o6I2g3Z72r6nTr3k8b4S0N8i+FjJp3+S8Y2C34aTRuOOzD5x4w/u/oP+G3iSA=="
    },
    "node_modules/ee-first": {
      "version": "1.1.1",
      "resolved": "https://registry.npmjs.org/ee-first/-/ee-first-1.1.1.tgz",
      "integrity": "sha512-WMwm9LhRUo+WUaRN+vRuETqG89igZVVXvu9xstymnooiVLdwjUQgxAXlF9fAb/nCflh8Ozh5f9l2K2GD+9o3wA==",
      "dev": true
    },
    "node_modules/encodeurl": {
      "version": "1.0.2",
      "resolved": "https://registry.npmjs.org/encodeurl/-/encodeurl-1.0.2.tgz",
      "integrity": "sha512-H/Lse3J009wGzC/QeBlDRVM5OCdMEaU4/s6Cgbd3g9zU2kC+mN/EDe9upN73T2dG2ac394aD3D6/0M/qVH3wLQ==",
      "dev": true,
      "engines": {
        "node": ">= 0.8"
      }
    },
    "node_modules/es-define-property": {
      "version": "1.0.0",
      "resolved": "https://registry.npmjs.org/es-define-property/-/es-define-property-1.0.0.tgz",
      "integrity": "sha512-c/e/pDbaPd4Qd2arHaA2im2a2wA+2Hsae033e5g3TfK4KC+iZMgrIKu42iA9v71+TjLh/0oP3GOO3Q09K3w58A==",
      "dev": true,
      "dependencies": {
        "get-intrinsic": "^1.2.1"
      },
      "engines": {
        "node": ">= 0.4"
      }
    },
    "node_modules/es-errors": {
      "version": "1.3.0",
      "resolved": "https://registry.npmjs.org/es-errors/-/es-errors-1.3.0.tgz",
      "integrity": "sha512-SklgNeFNVItOr3vCRwe1vjARoN9AUW9Qmh2n3d6D6e6iTEpA+73nao0a3aNHyv/40otE24b23r+Yjw0l3KZ2iA==",
      "dev": true,
      "engines": {
        "node": ">= 0.4"
      }
    },
    "node_modules/escape-html": {
      "version": "1.0.3",
      "resolved": "https://registry.npmjs.org/escape-html/-/escape-html-1.0.3.tgz",
      "integrity": "sha512-NiSupZ4O62gqtsCs2gGmLacHItin2RXAkx3acuy/4a/G43vi3wgIPcbb2kL0CsSL12+xcr1w9QdYQVLN3q9f3A==",
      "dev": true
    },
    "node_modules/etag": {
      "version": "1.8.1",
      "resolved": "https://registry.npmjs.org/etag/-/etag-1.8.1.tgz",
      "integrity": "sha512-aIL5Fx7mawVa300al2fsDb/WjkwOaeFNuN5OfYca49AKe5fB5B2C0Zg2o2vgo7fD0e6WzMa1VvN0EDiunpA7QA==",
      "dev": true,
      "engines": {
        "node": ">= 0.6"
      }
    },
    "node_modules/event-source-parser": {
      "version": "1.1.2",
      "resolved": "https://registry.npmjs.org/event-source-parser/-/event-source-parser-1.1.2.tgz",
      "integrity": "sha512-8f/7z7cWusXPUgEXf73d+K1s3rdxQ1kPGFEN3AQJjdw3ghvuDMUCiW3COVo3Xb6a12Ae1hCSs11P7eQ0S+eJpA=="
    },
    "node_modules/events": {
      "version": "3.3.0",
      "resolved": "https://registry.npmjs.org/events/-/events-3.3.0.tgz",
      "integrity": "sha512-mQw+2fkQbALzQ7V0MY0IqdnXNOeGdpPZeurSGCoNfsiMoo+VRgoB/bbq3MxtJiLuffSxbpUoASi822zt3yE9wQ=="
    },
    "node_modules/express": {
      "version": "4.19.2",
      "resolved": "https://registry.npmjs.org/express/-/express-4.19.2.tgz",
      "integrity": "sha512-5/Y2hgTwxU2o49mtfHWU0IplBBR23Y27Soz227BfyPDaDz3u6Q3n36/R2xfNOu0jI8sFw0IM0N/G1e99g/Y2Tw==",
      "dev": true,
      "dependencies": {
        "accepts": "~1.3.8",
        "array-flatten": "1.1.1",
        "body-parser": "1.20.2",
        "content-disposition": "0.5.4",
        "content-type": "1.0.5",
        "cookie": "0.6.0",
        "cookie-signature": "1.0.6",
        "debug": "2.6.9",
        "depd": "2.0.0",
        "encodeurl": "~1.0.2",
        "escape-html": "~1.0.3",
        "etag": "~1.8.1",
        "finalhandler": "1.2.0",
        "fresh": "0.5.2",
        "http-errors": "2.0.0",
        "merge-descriptors": "1.0.1",
        "methods": "~1.1.2",
        "on-finished": "2.4.1",
        "parseurl": "~1.3.3",
        "path-to-regexp": "0.1.7",
        "proxy-addr": "~2.0.7",
        "qs": "6.11.0",
        "range-parser": "~1.2.1",
        "safe-buffer": "5.2.1",
        "send": "0.18.0",
        "serve-static": "1.15.0",
        "setprototypeof": "1.2.0",
        "statuses": "2.0.1",
        "type-is": "~1.6.18",
        "utils-flatten": "1.0.1",
        "vary": "~1.1.2"
      },
      "engines": {
        "node": ">= 0.10.0"
      }
    },
    "node_modules/express/node_modules/cookie": {
      "version": "0.6.0",
      "resolved": "https://registry.npmjs.org/cookie/-/cookie-0.6.0.tgz",
      "integrity": "sha512-Ua451JoNnFl7s23y2Sc2g6hJAeS0h/5A68B2329Gprg34p7yLpmcq+rEviY20o69rhg/e84h/3lqI3/y2wM33w==",
      "dev": true,
      "engines": {
        "node": ">= 0.6"
      }
    },
    "node_modules/finalhandler": {
      "version": "1.2.0",
      "resolved": "https://registry.npmjs.org/finalhandler/-/finalhandler-1.2.0.tgz",
      "integrity": "sha512-5uXcUVftlQMFnWC9qu/svkWv3GTd2PfUhK/3PLkYNAe7FbqJMt3515HaxE6eRL74Gdsriiwdsr7MBsEWMBvu2A==",
      "dev": true,
      "dependencies": {
        "debug": "2.6.9",
        "encodeurl": "~1.0.2",
        "escape-html": "~1.0.3",
        "on-finished": "2.4.1",
        "parseurl": "~1.3.3",
        "statuses": "2.0.1",
        "unpipe": "~1.0.0"
      },
      "engines": {
        "node": ">= 0.8"
      }
    },
    "node_modules/forwarded": {
      "version": "0.2.0",
      "resolved": "https://registry.npmjs.org/forwarded/-/forwarded-0.2.0.tgz",
      "integrity": "sha512-buRG0fpk3ZvVCrVWNYheJOa+0eME9h+vAfn92q531IBya/aI42Po7eW8H2L2iV/Csls1m2geA4e03z3K36s88A==",
      "dev": true,
      "engines": {
        "node": ">= 0.6"
      }
    },
    "node_modules/framer-motion": {
      "version": "11.3.11",
      "resolved": "https://registry.npmjs.org/framer-motion/-/framer-motion-11.3.11.tgz",
      "integrity": "sha512-pYh+gA9lF404wF0s8/rW5rJ95XnLd2+dOAl3kcr77TjM5V3ZHi5r+iEksR5J0T4lIuQ7e/yB1rS1K+Q61cOa5w==",
      "dependencies": {
        "tslib": "^2.6.2"
      },
      "peerDependencies": {
        "react": "^18.0.0",
        "react-dom": "^18.0.0"
      }
    },
    "node_modules/fresh": {
      "version": "0.5.2",
      "resolved": "https://registry.npmjs.org/fresh/-/fresh-0.5.2.tgz",
      "integrity": "sha512-zJ2mQFBK3O/02rDqQMg3dff42y48EaI2T/y2N82iY5C/3bbzMy5e2T/a4s4j82xO9I45/Q8rD33d43IL1vgwA==",
      "dev": true,
      "engines": {
        "node": ">= 0.6"
      }
    },
    "node_modules/function-bind": {
      "version": "1.1.2",
      "resolved": "https://registry.npmjs.org/function-bind/-/function-bind-1.1.2.tgz",
      "integrity": "sha512-714uBdpSm8w3hB2i8+3R2+54gy85kIFiY23v217s69hD2d2/p3dY2pfX0AU2a6YI3oGPHL0k2+4J59pA===",
      "dev": true,
      "funding": {
        "url": "https://github.com/sponsors/ljharb"
      }
    },
    "node_modules/get-intrinsic": {
      "version": "1.2.4",
      "resolved": "https://registry.npmjs.org/get-intrinsic/-/get-intrinsic-1.2.4.tgz",
      "integrity": "sha512-lKSC0cQDBCXN2q48Vp9n/W4eUj/Rht9WyG32RftmcbBvxVpBAcsH2aE5zJ7Y33x2i8fl3D9P454e/d38Sp/fQQ==",
      "dev": true,
      "dependencies": {
        "es-errors": "^1.3.0",
        "function-bind": "^1.1.2",
        "has-property-descriptors": "^1.0.1",
        "has-proto": "^1.0.3",
        "has-symbols": "^1.0.3"
      },
      "funding": {
        "url": "https://github.com/sponsors/ljharb"
      }
    },
    "node_modules/gopd": {
      "version": "1.0.1",
      "resolved": "https://registry.npmjs.org/gopd/-/gopd-1.0.1.tgz",
      "integrity": "sha512-d6nB/QleM1T5p9kUjR42Vge36wT0a7dGAGn8y5erw4e8aIq+s23a23y1wUcwXlfa06j3ECrI2kU24UP94sA2gQ==",
      "dev": true,
      "dependencies": {
        "get-intrinsic": "^1.1.3"
      },
      "funding": {
        "url": "https://github.com/sponsors/ljharb"
      }
    },
    "node_modules/has-property-descriptors": {
      "version": "1.0.2",
      "resolved": "https://registry.npmjs.org/has-property-descriptors/-/has-property-descriptors-1.0.2.tgz",
      "integrity": "sha512-55U2iOOycs8PIDBt5i4M5Pmqr0p8cVb2462nZ4D+2+Q0bB9l2P7eA+e63S+9FUd0xVjhK2/A+661XmF5oVq3gQ==",
      "dev": true,
      "dependencies": {
        "es-define-property": "^1.0.0"
      },
      "funding": {
        "url": "https://github.com/sponsors/ljharb"
      }
    },
    "node_modules/has-proto": {
      "version": "1.0.3",
      "resolved": "https://registry.npmjs.org/has-proto/-/has-proto-1.0.3.tgz",
      "integrity": "sha512-SJ1amAUiPLwyjloqJBd2nvc7w+2ah9o1s4J2P0pT5fR12rXEV3t33qjD2b23XjA+sLEj2N/Hc2eJ22k7oBvW+g==",
      "dev": true,
      "engines": {
        "node": ">= 0.4"
      },
      "funding": {
        "url": "https://github.com/sponsors/ljharb"
      }
    },
    "node_modules/has-symbols": {
      "version": "1.0.3",
      "resolved": "https://registry.npmjs.org/has-symbols/-/has-symbols-1.0.3.tgz",
      "integrity": "sha512-l3LCuF6NfjUGwW3wAOSg9kQIV7yn+bibAGiWMvfnSgZRiJG7SgzzVfjbS6Cda4kSsADVVBHbA5pT8NIJnI2p4g==",
      "dev": true,
      "engines": {
        "node": ">= 0.4"
      },
      "funding": {
        "url": "https://github.com/sponsors/ljharb"
      }
    },
    "node_modules/hasown": {
      "version": "2.0.2",
      "resolved": "https://registry.npmjs.org/hasown/-/hasown-2.0.2.tgz",
      "integrity": "sha512-0hAl6RNEjbkf99n0a4dFC32vzzkjgN3K8fS3ESv/hJKW/dei3GgU+iAC4Q2J57+XoNjw/pI/xM+N+tQJub1gCQ==",
      "dev": true,
      "dependencies": {
        "function-bind": "^1.1.2"
      },
      "engines": {
        "node": ">= 0.4"
      }
    },
    "node_modules/http-errors": {
      "version": "2.0.0",
      "resolved": "https://registry.npmjs.org/http-errors/-/http-errors-2.0.0.tgz",
      "integrity": "sha512-RmhB/uY0QdIQuBw/VTNEpascVqxAbk6hA40j9DYfgB2iRzDlLn32sV6avA3H5G1L6jw7TixgxGTbOO11y4SqmA==",
      "dev": true,
      "dependencies": {
        "depd": "2.0.0",
        "inherits": "2.0.4",
        "setprototypeof": "1.2.0",
        "statuses": "2.0.1",
        "toidentifier": "1.0.1"
      },
      "engines": {
        "node": ">= 0.8"
      }
    },
    "node_modules/iconv-lite": {
      "version": "0.4.24",
      "resolved": "https://registry.npmjs.org/iconv-lite/-/iconv-lite-0.4.24.tgz",
      "integrity": "sha512-v3MXnZAcvnywkADN7wodA2G8rBCvTwhOAQ LoginComponent + id1\nLoginComponent + id2part of this code, find the bug and fix it. I will give you the full code, and then the error. I've already marked the bug with a comment. You just need to fix it.\n\nHere is the code\n[CODE]\n\nand here is the error:\n[ERROR]\n\nYour response should only be the fixed code, and nothing else. Don't add any explanation or anything else. Only the code. I will copy-paste your response, so it's important that you don't add any extra text.